{
  "name": "@kzay/hermes-board-skills",
  "version": "3.5.1",
  "lockfileVersion": 3,
  "requires": true,
  "packages": {
    "": {
      "name": "@kzay/hermes-board-skills",
      "version": "3.5.1",
      "hasInstallScript": true,
      "license": "MIT",
      "bin": {
        "hermes-board-skills-setup": "postinstall.js"
      }
    }
  }
}
